{
  "name": "meo-forkcy-logger",
  "version": "1.0.7",
  "lockfileVersion": 3,
  "requires": true,
  "packages": {
    "": {
      "name": "meo-forkcy-logger",
      "version": "1.0.7",
      "license": "MIT",
      "dependencies": {
        "meo-forkcy-colors": "^1.0.9",
        "meo-forkcy-utils": "^1.0.5"
      }
    },
    "node_modules/meo-forkcy-colors": {
      "version": "1.0.9",
      "resolved": "https://registry.npmjs.org/meo-forkcy-colors/-/meo-forkcy-colors-1.0.9.tgz",
      "integrity": "sha512-EoIVTUAY8jLuBs4aXS2tDWpFrpSEylhyYlQQpaCXJOCnn1hIVM+XCjaGiFkOKTt8KEuZ8ctBYF8yrnezmCCvEg==",
      "license": "MIT",
      "engines": {
        "node": ">=0.1.90"
      }
    },
    "node_modules/meo-forkcy-utils": {
      "version": "1.0.5",
      "resolved": "https://registry.npmjs.org/meo-forkcy-utils/-/meo-forkcy-utils-1.0.5.tgz",
      "integrity": "sha512-rTn1K6dE3yzBCbfKCEBZDrVN5MHHOpigaiJYB4V7UL5RyKw3gUsoW6qVh6d4FFsZr5SszwVhIBc5GagLAcmG5A==",
      "license": "MIT"
    }
  }
}
